{
  "name": "cartodb-ui",
  "version": "3.23.32",
  "dependencies": {
    "backbone": {
      "version": "1.2.3",
      "from": "https://registry.npmjs.org/backbone/-/backbone-1.2.3.tgz",
      "resolved": "https://registry.npmjs.org/backbone/-/backbone-1.2.3.tgz"
    },
    "perfect-scrollbar": {
      "version": "0.6.7",
      "from": "perfect-scrollbar@0.6.7"
    }
  }
}
